// !$*UTF8*$!
{
	archiveVersion = 1;
	classes = {
	};
	objectVersion = 46;
	objects = {

/* Begin PBXBuildFile section */
		954A7B7A1AD7EF120032B0E7 /* AppDelegate.swift in Sources */ = {isa = PBXBuildFile; fileRef = 954A7B791AD7EF120032B0E7 /* AppDelegate.swift */; };
		954A7B7C1AD7EF120032B0E7 /* ViewController.swift in Sources */ = {isa = PBXBuildFile; fileRef = 954A7B7B1AD7EF120032B0E7 /* ViewController.swift */; };
		954A7B7F1AD7EF120032B0E7 /* Main.storyboard in Resources */ = {isa = PBXBuildFile; fileRef = 954A7B7D1AD7EF120032B0E7 /* Main.storyboard */; };
		954A7B811AD7EF120032B0E7 /* Images.xcassets in Resources */ = {isa = PBXBuildFile; fileRef = 954A7B801AD7EF120032B0E7 /* Images.xcassets */; };
		954A7B841AD7EF120032B0E7 /* LaunchScreen.xib in Resources */ = {isa = PBXBuildFile; fileRef = 954A7B821AD7EF120032B0E7 /* LaunchScreen.xib */; };
		954A7B901AD7EF130032B0E7 /* ToDo_iOSTests.swift in Sources */ = {isa = PBXBuildFile; fileRef = 954A7B8F1AD7EF130032B0E7 /* ToDo_iOSTests.swift */; };
/* End PBXBuildFile section */

/* Begin PBXContainerItemProxy section */
		954A7B8A1AD7EF130032B0E7 /* PBXContainerItemProxy */ = {
			isa = PBXContainerItemProxy;
			containerPortal = 954A7B6C1AD7EF120032B0E7 /* Project object */;
			proxyType = 1;
			remoteGlobalIDString = 954A7B731AD7EF120032B0E7;
			remoteInfo = ToDo.iOS;
		};
/* End PBXContainerItemProxy section */

/* Begin PBXFileReference section */
		954A7B741AD7EF120032B0E7 /* ToDo.iOS.app */ = {isa = PBXFileReference; explicitFileType = wrapper.application; includeInIndex = 0; path = ToDo.iOS.app; sourceTree = BUILT_PRODUCTS_DIR; };
		954A7B781AD7EF120032B0E7 /* Info.plist */ = {isa = PBXFileReference; lastKnownFileType = text.plist.xml; path = Info.plist; sourceTree = "<group>"; };
		954A7B791AD7EF120032B0E7 /* AppDelegate.swift */ = {isa = PBXFileReference; lastKnownFileType = sourcecode.swift; path = AppDelegate.swift; sourceTree = "<group>"; };
		954A7B7B1AD7EF120032B0E7 /* ViewController.swift */ = {isa = PBXFileReference; lastKnownFileType = sourcecode.swift; path = ViewController.swift; sourceTree = "<group>"; };
		954A7B7E1AD7EF120032B0E7 /* Base */ = {isa = PBXFileReference; lastKnownFileType = file.storyboard; name = Base; path = Base.lproj/Main.storyboard; sourceTree = "<group>"; };
		954A7B801AD7EF120032B0E7 /* Images.xcassets */ = {isa = PBXFileReference; lastKnownFileType = folder.assetcatalog; path = Images.xcassets; sourceTree = "<group>"; };
		954A7B831AD7EF120032B0E7 /* Base */ = {isa = PBXFileReference; lastKnownFileType = file.xib; name = Base; path = Base.lproj/LaunchScreen.xib; sourceTree = "<group>"; };
		954A7B891AD7EF130032B0E7 /* ToDo.iOSTests.xctest */ = {isa = PBXFileReference; explicitFileType = wrapper.cfbundle; includeInIndex = 0; path = ToDo.iOSTests.xctest; sourceTree = BUILT_PRODUCTS_DIR; };
		954A7B8E1AD7EF130032B0E7 /* Info.plist */ = {isa = PBXFileReference; lastKnownFileType = text.plist.xml; path = Info.plist; sourceTree = "<group>"; };
		954A7B8F1AD7EF130032B0E7 /* ToDo_iOSTests.swift */ = {isa = PBXFileReference; lastKnownFileType = sourcecode.swift; path = ToDo_iOSTests.swift; sourceTree = "<group>"; };
/* End PBXFileReference section */

/* Begin PBXFrameworksBuildPhase section */
		954A7B711AD7EF120032B0E7 /* Frameworks */ = {
			isa = PBXFrameworksBuildPhase;
			buildActionMask = 2147483647;
			files = (
			);
			runOnlyForDeploymentPostprocessing = 0;
		};
		954A7B861AD7EF130032B0E7 /* Frameworks */ = {
			isa = PBXFrameworksBuildPhase;
			buildActionMask = 2147483647;
			files = (
			);
			runOnlyForDeploymentPostprocessing = 0;
		};
/* End PBXFrameworksBuildPhase section */

/* Begin PBXGroup section */
		954A7B6B1AD7EF120032B0E7 = {
			isa = PBXGroup;
			children = (
				954A7B761AD7EF120032B0E7 /* ToDo.iOS */,
				954A7B8C1AD7EF130032B0E7 /* ToDo.iOSTests */,
				954A7B751AD7EF120032B0E7 /* Products */,
			);
			sourceTree = "<group>";
		};
		954A7B751AD7EF120032B0E7 /* Products */ = {
			isa = PBXGroup;
			children = (
				954A7B741AD7EF120032B0E7 /* ToDo.iOS.app */,
				954A7B891AD7EF130032B0E7 /* ToDo.iOSTests.xctest */,
			);
			name = Products;
			sourceTree = "<group>";
		};
		954A7B761AD7EF120032B0E7 /* ToDo.iOS */ = {
			isa = PBXGroup;
			children = (
				954A7B791AD7EF120032B0E7 /* AppDelegate.swift */,
				954A7B7B1AD7EF120032B0E7 /* ViewController.swift */,
				954A7B7D1AD7EF120032B0E7 /* Main.storyboard */,
				954A7B801AD7EF120032B0E7 /* Images.xcassets */,
				954A7B821AD7EF120032B0E7 /* LaunchScreen.xib */,
				954A7B771AD7EF120032B0E7 /* Supporting Files */,
			);
			path = ToDo.iOS;
			sourceTree = "<group>";
		};
		954A7B771AD7EF120032B0E7 /* Supporting Files */ = {
			isa = PBXGroup;
			children = (
				954A7B781AD7EF120032B0E7 /* Info.plist */,
			);
			name = "Supporting Files";
			sourceTree = "<group>";
		};
		954A7B8C1AD7EF130032B0E7 /* ToDo.iOSTests */ = {
			isa = PBXGroup;
			children = (
				954A7B8F1AD7EF130032B0E7 /* ToDo_iOSTests.swift */,
				954A7B8D1AD7EF130032B0E7 /* Supporting Files */,
			);
			path = ToDo.iOSTests;
			sourceTree = "<group>";
		};
		954A7B8D1AD7EF130032B0E7 /* Supporting Files */ = {
			isa = PBXGroup;
			children = (
				954A7B8E1AD7EF130032B0E7 /* Info.plist */,
			);
			name = "Supporting Files";
			sourceTree = "<group>";
		};
/* End PBXGroup section */

/* Begin PBXNativeTarget section */
		954A7B731AD7EF120032B0E7 /* ToDo.iOS */ = {
			isa = PBXNativeTarget;
			buildConfigurationList = 954A7B931AD7EF130032B0E7 /* Build configuration list for PBXNativeTarget "ToDo.iOS" */;
			buildPhases = (
				954A7B701AD7EF120032B0E7 /* Sources */,
				954A7B711AD7EF120032B0E7 /* Frameworks */,
				954A7B721AD7EF120032B0E7 /* Resources */,
			);
			buildRules = (
			);
			dependencies = (
			);
			name = ToDo.iOS;
			productName = ToDo.iOS;
			productReference = 954A7B741AD7EF120032B0E7 /* ToDo.iOS.app */;
			productType = "com.apple.product-type.application";
		};
		954A7B881AD7EF130032B0E7 /* ToDo.iOSTests */ = {
			isa = PBXNativeTarget;
			buildConfigurationList = 954A7B961AD7EF130032B0E7 /* Build configuration list for PBXNativeTarget "ToDo.iOSTests" */;
			buildPhases = (
				954A7B851AD7EF130032B0E7 /* Sources */,
				954A7B861AD7EF130032B0E7 /* Frameworks */,
				954A7B871AD7EF130032B0E7 /* Resources */,
			);
			buildRules = (
			);
			dependencies = (
				954A7B8B1AD7EF130032B0E7 /* PBXTargetDependency */,
			);
			name = ToDo.iOSTests;
			productName = ToDo.iOSTests;
			productReference = 954A7B891AD7EF130032B0E7 /* ToDo.iOSTests.xctest */;
			productType = "com.apple.product-type.bundle.unit-test";
		};
/* End PBXNativeTarget section */

/* Begin PBXProject section */
		954A7B6C1AD7EF120032B0E7 /* Project object */ = {
			isa = PBXProject;
			attributes = {
				LastUpgradeCheck = 0620;
				ORGANIZATIONNAME = Contoso;
				TargetAttributes = {
					954A7B731AD7EF120032B0E7 = {
						CreatedOnToolsVersion = 6.2;
					};
					954A7B881AD7EF130032B0E7 = {
						CreatedOnToolsVersion = 6.2;
						TestTargetID = 954A7B731AD7EF120032B0E7;
					};
				};
			};
			buildConfigurationList = 954A7B6F1AD7EF120032B0E7 /* Build configuration list for PBXProject "ToDo.iOS" */;
			compatibilityVersion = "Xcode 3.2";
			developmentRegion = English;
			hasScannedForEncodings = 0;
			knownRegions = (
				en,
				Base,
			);
			mainGroup = 954A7B6B1AD7EF120032B0E7;
			productRefGroup = 954A7B751AD7EF120032B0E7 /* Products */;
			projectDirPath = "";
			projectRoot = "";
			targets = (
				954A7B731AD7EF120032B0E7 /* ToDo.iOS */,
				954A7B881AD7EF130032B0E7 /* ToDo.iOSTests */,
			);
		};
/* End PBXProject section */

/* Begin PBXResourcesBuildPhase section */
		954A7B721AD7EF120032B0E7 /* Resources */ = {
			isa = PBXResourcesBuildPhase;
			buildActionMask = 2147483647;
			files = (
				954A7B7F1AD7EF120032B0E7 /* Main.storyboard in Resources */,
				954A7B841AD7EF120032B0E7 /* LaunchScreen.xib in Resources */,
				954A7B811AD7EF120032B0E7 /* Images.xcassets in Resources */,
			);
			runOnlyForDeploymentPostprocessing = 0;
		};
		954A7B871AD7EF130032B0E7 /* Resources */ = {
			isa = PBXResourcesBuildPhase;
			buildActionMask = 2147483647;
			files = (
			);
			runOnlyForDeploymentPostprocessing = 0;
		};
/* End PBXResourcesBuildPhase section */

/* Begin PBXSourcesBuildPhase section */
		954A7B701AD7EF120032B0E7 /* Sources */ = {
			isa = PBXSourcesBuildPhase;
			buildActionMask = 2147483647;
			files = (
				954A7B7C1AD7EF120032B0E7 /* ViewController.swift in Sources */,
				954A7B7A1AD7EF120032B0E7 /* AppDelegate.swift in Sources */,
			);
			runOnlyForDeploymentPostprocessing = 0;
		};
		954A7B851AD7EF130032B0E7 /* Sources */ = {
			isa = PBXSourcesBuildPhase;
			buildActionMask = 2147483647;
			files = (
				954A7B901AD7EF130032B0E7 /* ToDo_iOSTests.swift in Sources */,
			);
			runOnlyForDeploymentPostprocessing = 0;
		};
/* End PBXSourcesBuildPhase section */

/* Begin PBXTargetDependency section */
		954A7B8B1AD7EF130032B0E7 /* PBXTargetDependency */ = {
			isa = PBXTargetDependency;
			target = 954A7B731AD7EF120032B0E7 /* ToDo.iOS */;
			targetProxy = 954A7B8A1AD7EF130032B0E7 /* PBXContainerItemProxy */;
		};
/* End PBXTargetDependency section */

/* Begin PBXVariantGroup section */
		954A7B7D1AD7EF120032B0E7 /* Main.storyboard */ = {
			isa = PBXVariantGroup;
			children = (
				954A7B7E1AD7EF120032B0E7 /* Base */,
			);
			name = Main.storyboard;
			sourceTree = "<group>";
		};
		954A7B821AD7EF120032B0E7 /* LaunchScreen.xib */ = {
			isa = PBXVariantGroup;
			children = (
				954A7B831AD7EF120032B0E7 /* Base */,
			);
			name = LaunchScreen.xib;
			sourceTree = "<group>";
		};
/* End PBXVariantGroup section */

/* Begin XCBuildConfiguration section */
		954A7B911AD7EF130032B0E7 /* Debug */ = {
			isa = XCBuildConfiguration;
			buildSettings = {
				ALWAYS_SEARCH_USER_PATHS = NO;
				CLANG_CXX_LANGUAGE_STANDARD = "gnu++0x";
				CLANG_CXX_LIBRARY = "libc++";
				CLANG_ENABLE_MODULES = YES;
				CLANG_ENABLE_OBJC_ARC = YES;
				CLANG_WARN_BOOL_CONVERSION = YES;
				CLANG_WARN_CONSTANT_CONVERSION = YES;
				CLANG_WARN_DIRECT_OBJC_ISA_USAGE = YES_ERROR;
				CLANG_WARN_EMPTY_BODY = YES;
				CLANG_WARN_ENUM_CONVERSION = YES;
				CLANG_WARN_INT_CONVERSION = YES;
				CLANG_WARN_OBJC_ROOT_CLASS = YES_ERROR;
				CLANG_WARN_UNREACHABLE_CODE = YES;
				CLANG_WARN__DUPLICATE_METHOD_MATCH = YES;
				"CODE_SIGN_IDENTITY[sdk=iphoneos*]" = "iPhone Developer";
				COPY_PHASE_STRIP = NO;
				ENABLE_STRICT_OBJC_MSGSEND = YES;
				GCC_C_LANGUAGE_STANDARD = gnu99;
				GCC_DYNAMIC_NO_PIC = NO;
				GCC_OPTIMIZATION_LEVEL = 0;
				GCC_PREPROCESSOR_DEFINITIONS = (
					"DEBUG=1",
					"$(inherited)",
				);
				GCC_SYMBOLS_PRIVATE_EXTERN = NO;
				GCC_WARN_64_TO_32_BIT_CONVERSION = YES;
				GCC_WARN_ABOUT_RETURN_TYPE = YES_ERROR;
				GCC_WARN_UNDECLARED_SELECTOR = YES;
				GCC_WARN_UNINITIALIZED_AUTOS = YES_AGGRESSIVE;
				GCC_WARN_UNUSED_FUNCTION = YES;
				GCC_WARN_UNUSED_VARIABLE = YES;
				IPHONEOS_DEPLOYMENT_TARGET = 8.2;
				MTL_ENABLE_DEBUG_INFO = YES;
				ONLY_ACTIVE_ARCH = YES;
				SDKROOT = iphoneos;
				SWIFT_OPTIMIZATION_LEVEL = "-Onone";
				TARGETED_DEVICE_FAMILY = "1,2";
			};
			name = Debug;
		};
		954A7B921AD7EF130032B0E7 /* Release */ = {
			isa = XCBuildConfiguration;
			buildSettings = {
				ALWAYS_SEARCH_USER_PATHS = NO;
				CLANG_CXX_LANGUAGE_STANDARD = "gnu++0x";
				CLANG_CXX_LIBRARY = "libc++";
				CLANG_ENABLE_MODULES = YES;
				CLANG_ENABLE_OBJC_ARC = YES;
				CLANG_WARN_BOOL_CONVERSION = YES;
				CLANG_WARN_CONSTANT_CONVERSION = YES;
				CLANG_WARN_DIRECT_OBJC_ISA_USAGE = YES_ERROR;
				CLANG_WARN_EMPTY_BODY = YES;
				CLANG_WARN_ENUM_CONVERSION = YES;
				CLANG_WARN_INT_CONVERSION = YES;
				CLANG_WARN_OBJC_ROOT_CLASS = YES_ERROR;
				CLANG_WARN_UNREACHABLE_CODE = YES;
				CLANG_WARN__DUPLICATE_METHOD_MATCH = YES;
				"CODE_SIGN_IDENTITY[sdk=iphoneos*]" = "iPhone Developer";
				COPY_PHASE_STRIP = NO;
				ENABLE_NS_ASSERTIONS = NO;
				ENABLE_STRICT_OBJC_MSGSEND = YES;
				GCC_C_LANGUAGE_STANDARD = gnu99;
				GCC_WARN_64_TO_32_BIT_CONVERSION = YES;
				GCC_WARN_ABOUT_RETURN_TYPE = YES_ERROR;
				GCC_WARN_UNDECLARED_SELECTOR = YES;
				GCC_WARN_UNINITIALIZED_AUTOS = YES_AGGRESSIVE;
				GCC_WARN_UNUSED_FUNCTION = YES;
				GCC_WARN_UNUSED_VARIABLE = YES;
				IPHONEOS_DEPLOYMENT_TARGET = 8.2;
				MTL_ENABLE_DEBUG_INFO = NO;
				SDKROOT = iphoneos;
				TARGETED_DEVICE_FAMILY = "1,2";
				VALIDATE_PRODUCT = YES;
			};
			name = Release;
		};
		954A7B941AD7EF130032B0E7 /* Debug */ = {
			isa = XCBuildConfiguration;
			buildSettings = {
				ASSETCATALOG_COMPILER_APPICON_NAME = AppIcon;
				INFOPLIST_FILE = ToDo.iOS/Info.plist;
				LD_RUNPATH_SEARCH_PATHS = "$(inherited) @executable_path/Frameworks";
				PRODUCT_NAME = "$(TARGET_NAME)";
			};
			name = Debug;
		};
		954A7B951AD7EF130032B0E7 /* Release */ = {
			isa = XCBuildConfiguration;
			buildSettings = {
				ASSETCATALOG_COMPILER_APPICON_NAME = AppIcon;
				INFOPLIST_FILE = ToDo.iOS/Info.plist;
				LD_RUNPATH_SEARCH_PATHS = "$(inherited) @executable_path/Frameworks";
				PRODUCT_NAME = "$(TARGET_NAME)";
			};
			name = Release;
		};
		954A7B971AD7EF130032B0E7 /* Debug */ = {
			isa = XCBuildConfiguration;
			buildSettings = {
				BUNDLE_LOADER = "$(TEST_HOST)";
				FRAMEWORK_SEARCH_PATHS = (
					"$(SDKROOT)/Developer/Library/Frameworks",
					"$(inherited)",
				);
				GCC_PREPROCESSOR_DEFINITIONS = (
					"DEBUG=1",
					"$(inherited)",
				);
				INFOPLIST_FILE = ToDo.iOSTests/Info.plist;
				LD_RUNPATH_SEARCH_PATHS = "$(inherited) @executable_path/Frameworks @loader_path/Frameworks";
				PRODUCT_NAME = "$(TARGET_NAME)";
				TEST_HOST = "$(BUILT_PRODUCTS_DIR)/ToDo.iOS.app/ToDo.iOS";
			};
			name = Debug;
		};
		954A7B981AD7EF130032B0E7 /* Release */ = {
			isa = XCBuildConfiguration;
			buildSettings = {
				BUNDLE_LOADER = "$(TEST_HOST)";
				FRAMEWORK_SEARCH_PATHS = (
					"$(SDKROOT)/Developer/Library/Frameworks",
					"$(inherited)",
				);
				INFOPLIST_FILE = ToDo.iOSTests/Info.plist;
				LD_RUNPATH_SEARCH_PATHS = "$(inherited) @executable_path/Frameworks @loader_path/Frameworks";
				PRODUCT_NAME = "$(TARGET_NAME)";
				TEST_HOST = "$(BUILT_PRODUCTS_DIR)/ToDo.iOS.app/ToDo.iOS";
			};
			name = Release;
		};
/* End XCBuildConfiguration section */

/* Begin XCConfigurationList section */
		954A7B6F1AD7EF120032B0E7 /* Build configuration list for PBXProject "ToDo.iOS" */ = {
			isa = XCConfigurationList;
			buildConfigurations = (
				954A7B911AD7EF130032B0E7 /* Debug */,
				954A7B921AD7EF130032B0E7 /* Release */,
			);
			defaultConfigurationIsVisible = 0;
			defaultConfigurationName = Release;
		};
		954A7B931AD7EF130032B0E7 /* Build configuration list for PBXNativeTarget "ToDo.iOS" */ = {
			isa = XCConfigurationList;
			buildConfigurations = (
				954A7B941AD7EF130032B0E7 /* Debug */,
				954A7B951AD7EF130032B0E7 /* Release */,
			);
			defaultConfigurationIsVisible = 0;
		};
		954A7B961AD7EF130032B0E7 /* Build configuration list for PBXNativeTarget "ToDo.iOSTests" */ = {
			isa = XCConfigurationList;
			buildConfigurations = (
				954A7B971AD7EF130032B0E7 /* Debug */,
				954A7B981AD7EF130032B0E7 /* Release */,
			);
			defaultConfigurationIsVisible = 0;
		};
/* End XCConfigurationList section */
	};
	rootObject = 954A7B6C1AD7EF120032B0E7 /* Project object */;
}
